// !$*UTF8*$!
{
	archiveVersion = 1;
	classes = {
	};
	objectVersion = 50;
	objects = {

/* Begin PBXBuildFile section */
		524F64C020F7ADED00999CC9 /* URLConstant.swift in Sources */ = {isa = PBXBuildFile; fileRef = 524F64BF20F7ADED00999CC9 /* URLConstant.swift */; };
		52AABF7A20F89CDD0044AA00 /* AuthorizeViewController.swift in Sources */ = {isa = PBXBuildFile; fileRef = 52AABF7920F89CDD0044AA00 /* AuthorizeViewController.swift */; };
		52DFC9D220F78E210003B671 /* AppDelegate.swift in Sources */ = {isa = PBXBuildFile; fileRef = 52DFC9D120F78E210003B671 /* AppDelegate.swift */; };
		52DFC9D920F78E230003B671 /* Assets.xcassets in Resources */ = {isa = PBXBuildFile; fileRef = 52DFC9D820F78E230003B671 /* Assets.xcassets */; };
		52DFC9DC20F78E230003B671 /* LaunchScreen.storyboard in Resources */ = {isa = PBXBuildFile; fileRef = 52DFC9DA20F78E230003B671 /* LaunchScreen.storyboard */; };
		52DFC9E520F78E950003B671 /* MainViewController.swift in Sources */ = {isa = PBXBuildFile; fileRef = 52DFC9E420F78E950003B671 /* MainViewController.swift */; };
		52DFC9E820F7917B0003B671 /* MapViewController.swift in Sources */ = {isa = PBXBuildFile; fileRef = 52DFC9E720F7917B0003B671 /* MapViewController.swift */; };
		52DFC9EA20F791CB0003B671 /* ListViewController.swift in Sources */ = {isa = PBXBuildFile; fileRef = 52DFC9E920F791CB0003B671 /* ListViewController.swift */; };
		52DFC9EC20F792670003B671 /* InitialViewController.swift in Sources */ = {isa = PBXBuildFile; fileRef = 52DFC9EB20F792670003B671 /* InitialViewController.swift */; };
		52DFC9EF20F79BB40003B671 /* PhotoMeta.swift in Sources */ = {isa = PBXBuildFile; fileRef = 52DFC9EE20F79BB40003B671 /* PhotoMeta.swift */; };
/* End PBXBuildFile section */

/* Begin PBXFileReference section */
		524F64BF20F7ADED00999CC9 /* URLConstant.swift */ = {isa = PBXFileReference; lastKnownFileType = sourcecode.swift; path = URLConstant.swift; sourceTree = "<group>"; };
		52AABF7920F89CDD0044AA00 /* AuthorizeViewController.swift */ = {isa = PBXFileReference; lastKnownFileType = sourcecode.swift; path = AuthorizeViewController.swift; sourceTree = "<group>"; };
		52DFC9CE20F78E210003B671 /* InstaApp.app */ = {isa = PBXFileReference; explicitFileType = wrapper.application; includeInIndex = 0; path = InstaApp.app; sourceTree = BUILT_PRODUCTS_DIR; };
		52DFC9D120F78E210003B671 /* AppDelegate.swift */ = {isa = PBXFileReference; lastKnownFileType = sourcecode.swift; path = AppDelegate.swift; sourceTree = "<group>"; };
		52DFC9D820F78E230003B671 /* Assets.xcassets */ = {isa = PBXFileReference; lastKnownFileType = folder.assetcatalog; path = Assets.xcassets; sourceTree = "<group>"; };
		52DFC9DB20F78E230003B671 /* Base */ = {isa = PBXFileReference; lastKnownFileType = file.storyboard; name = Base; path = Base.lproj/LaunchScreen.storyboard; sourceTree = "<group>"; };
		52DFC9DD20F78E230003B671 /* Info.plist */ = {isa = PBXFileReference; lastKnownFileType = text.plist.xml; path = Info.plist; sourceTree = "<group>"; };
		52DFC9E420F78E950003B671 /* MainViewController.swift */ = {isa = PBXFileReference; lastKnownFileType = sourcecode.swift; path = MainViewController.swift; sourceTree = "<group>"; };
		52DFC9E720F7917B0003B671 /* MapViewController.swift */ = {isa = PBXFileReference; lastKnownFileType = sourcecode.swift; path = MapViewController.swift; sourceTree = "<group>"; };
		52DFC9E920F791CB0003B671 /* ListViewController.swift */ = {isa = PBXFileReference; lastKnownFileType = sourcecode.swift; path = ListViewController.swift; sourceTree = "<group>"; };
		52DFC9EB20F792670003B671 /* InitialViewController.swift */ = {isa = PBXFileReference; lastKnownFileType = sourcecode.swift; path = InitialViewController.swift; sourceTree = "<group>"; };
		52DFC9ED20F798380003B671 /* README.md */ = {isa = PBXFileReference; lastKnownFileType = net.daringfireball.markdown; path = README.md; sourceTree = "<group>"; };
		52DFC9EE20F79BB40003B671 /* PhotoMeta.swift */ = {isa = PBXFileReference; lastKnownFileType = sourcecode.swift; path = PhotoMeta.swift; sourceTree = "<group>"; };
/* End PBXFileReference section */

/* Begin PBXFrameworksBuildPhase section */
		52DFC9CB20F78E210003B671 /* Frameworks */ = {
			isa = PBXFrameworksBuildPhase;
			buildActionMask = 2147483647;
			files = (
			);
			runOnlyForDeploymentPostprocessing = 0;
		};
/* End PBXFrameworksBuildPhase section */

/* Begin PBXGroup section */
		52DFC9C520F78E210003B671 = {
			isa = PBXGroup;
			children = (
				52DFC9ED20F798380003B671 /* README.md */,
				52DFC9D020F78E210003B671 /* InstaApp */,
				52DFC9CF20F78E210003B671 /* Products */,
			);
			sourceTree = "<group>";
		};
		52DFC9CF20F78E210003B671 /* Products */ = {
			isa = PBXGroup;
			children = (
				52DFC9CE20F78E210003B671 /* InstaApp.app */,
			);
			name = Products;
			sourceTree = "<group>";
		};
		52DFC9D020F78E210003B671 /* InstaApp */ = {
			isa = PBXGroup;
			children = (
				52DFC9D120F78E210003B671 /* AppDelegate.swift */,
				52DFC9F020F79BBB0003B671 /* Model */,
				52DFC9E620F78EE80003B671 /* MainSceneControllers */,
				52DFC9E320F78E4A0003B671 /* SupportingFiles */,
			);
			path = InstaApp;
			sourceTree = "<group>";
		};
		52DFC9E320F78E4A0003B671 /* SupportingFiles */ = {
			isa = PBXGroup;
			children = (
				52DFC9D820F78E230003B671 /* Assets.xcassets */,
				52DFC9DA20F78E230003B671 /* LaunchScreen.storyboard */,
				52DFC9DD20F78E230003B671 /* Info.plist */,
			);
			path = SupportingFiles;
			sourceTree = "<group>";
		};
		52DFC9E620F78EE80003B671 /* MainSceneControllers */ = {
			isa = PBXGroup;
			children = (
				52DFC9E420F78E950003B671 /* MainViewController.swift */,
				52AABF7920F89CDD0044AA00 /* AuthorizeViewController.swift */,
				52DFC9EB20F792670003B671 /* InitialViewController.swift */,
				52DFC9E720F7917B0003B671 /* MapViewController.swift */,
				52DFC9E920F791CB0003B671 /* ListViewController.swift */,
			);
			path = MainSceneControllers;
			sourceTree = "<group>";
		};
		52DFC9F020F79BBB0003B671 /* Model */ = {
			isa = PBXGroup;
			children = (
				52DFC9EE20F79BB40003B671 /* PhotoMeta.swift */,
				524F64BF20F7ADED00999CC9 /* URLConstant.swift */,
			);
			path = Model;
			sourceTree = "<group>";
		};
/* End PBXGroup section */

/* Begin PBXNativeTarget section */
		52DFC9CD20F78E210003B671 /* InstaApp */ = {
			isa = PBXNativeTarget;
			buildConfigurationList = 52DFC9E020F78E230003B671 /* Build configuration list for PBXNativeTarget "InstaApp" */;
			buildPhases = (
				52DFC9CA20F78E210003B671 /* Sources */,
				52DFC9CB20F78E210003B671 /* Frameworks */,
				52DFC9CC20F78E210003B671 /* Resources */,
			);
			buildRules = (
			);
			dependencies = (
			);
			name = InstaApp;
			productName = InstaApp;
			productReference = 52DFC9CE20F78E210003B671 /* InstaApp.app */;
			productType = "com.apple.product-type.application";
		};
/* End PBXNativeTarget section */

/* Begin PBXProject section */
		52DFC9C620F78E210003B671 /* Project object */ = {
			isa = PBXProject;
			attributes = {
				LastSwiftUpdateCheck = 0940;
				LastUpgradeCheck = 0940;
				ORGANIZATIONNAME = dimasno1;
				TargetAttributes = {
					52DFC9CD20F78E210003B671 = {
						CreatedOnToolsVersion = 9.4.1;
					};
				};
			};
			buildConfigurationList = 52DFC9C920F78E210003B671 /* Build configuration list for PBXProject "InstaApp" */;
			compatibilityVersion = "Xcode 9.3";
			developmentRegion = en;
			hasScannedForEncodings = 0;
			knownRegions = (
				en,
				Base,
			);
			mainGroup = 52DFC9C520F78E210003B671;
			productRefGroup = 52DFC9CF20F78E210003B671 /* Products */;
			projectDirPath = "";
			projectRoot = "";
			targets = (
				52DFC9CD20F78E210003B671 /* InstaApp */,
			);
		};
/* End PBXProject section */

/* Begin PBXResourcesBuildPhase section */
		52DFC9CC20F78E210003B671 /* Resources */ = {
			isa = PBXResourcesBuildPhase;
			buildActionMask = 2147483647;
			files = (
				52DFC9DC20F78E230003B671 /* LaunchScreen.storyboard in Resources */,
				52DFC9D920F78E230003B671 /* Assets.xcassets in Resources */,
			);
			runOnlyForDeploymentPostprocessing = 0;
		};
/* End PBXResourcesBuildPhase section */

/* Begin PBXSourcesBuildPhase section */
		52DFC9CA20F78E210003B671 /* Sources */ = {
			isa = PBXSourcesBuildPhase;
			buildActionMask = 2147483647;
			files = (
				52DFC9EC20F792670003B671 /* InitialViewController.swift in Sources */,
				52DFC9D220F78E210003B671 /* AppDelegate.swift in Sources */,
				52AABF7A20F89CDD0044AA00 /* AuthorizeViewController.swift in Sources */,
				52DFC9E820F7917B0003B671 /* MapViewController.swift in Sources */,
				52DFC9EF20F79BB40003B671 /* PhotoMeta.swift in Sources */,
				524F64C020F7ADED00999CC9 /* URLConstant.swift in Sources */,
				52DFC9EA20F791CB0003B671 /* ListViewController.swift in Sources */,
				52DFC9E520F78E950003B671 /* MainViewController.swift in Sources */,
			);
			runOnlyForDeploymentPostprocessing = 0;
		};
/* End PBXSourcesBuildPhase section */

/* Begin PBXVariantGroup section */
		52DFC9DA20F78E230003B671 /* LaunchScreen.storyboard */ = {
			isa = PBXVariantGroup;
			children = (
				52DFC9DB20F78E230003B671 /* Base */,
			);
			name = LaunchScreen.storyboard;
			sourceTree = "<group>";
		};
/* End PBXVariantGroup section */

/* Begin XCBuildConfiguration section */
		52DFC9DE20F78E230003B671 /* Debug */ = {
			isa = XCBuildConfiguration;
			buildSettings = {
				ALWAYS_SEARCH_USER_PATHS = NO;
				CLANG_ANALYZER_NONNULL = YES;
				CLANG_ANALYZER_NUMBER_OBJECT_CONVERSION = YES_AGGRESSIVE;
				CLANG_CXX_LANGUAGE_STANDARD = "gnu++14";
				CLANG_CXX_LIBRARY = "libc++";
				CLANG_ENABLE_MODULES = YES;
				CLANG_ENABLE_OBJC_ARC = YES;
				CLANG_ENABLE_OBJC_WEAK = YES;
				CLANG_WARN_BLOCK_CAPTURE_AUTORELEASING = YES;
				CLANG_WARN_BOOL_CONVERSION = YES;
				CLANG_WARN_COMMA = YES;
				CLANG_WARN_CONSTANT_CONVERSION = YES;
				CLANG_WARN_DEPRECATED_OBJC_IMPLEMENTATIONS = YES;
				CLANG_WARN_DIRECT_OBJC_ISA_USAGE = YES_ERROR;
				CLANG_WARN_DOCUMENTATION_COMMENTS = YES;
				CLANG_WARN_EMPTY_BODY = YES;
				CLANG_WARN_ENUM_CONVERSION = YES;
				CLANG_WARN_INFINITE_RECURSION = YES;
				CLANG_WARN_INT_CONVERSION = YES;
				CLANG_WARN_NON_LITERAL_NULL_CONVERSION = YES;
				CLANG_WARN_OBJC_IMPLICIT_RETAIN_SELF = YES;
				CLANG_WARN_OBJC_LITERAL_CONVERSION = YES;
				CLANG_WARN_OBJC_ROOT_CLASS = YES_ERROR;
				CLANG_WARN_RANGE_LOOP_ANALYSIS = YES;
				CLANG_WARN_STRICT_PROTOTYPES = YES;
				CLANG_WARN_SUSPICIOUS_MOVE = YES;
				CLANG_WARN_UNGUARDED_AVAILABILITY = YES_AGGRESSIVE;
				CLANG_WARN_UNREACHABLE_CODE = YES;
				CLANG_WARN__DUPLICATE_METHOD_MATCH = YES;
				CODE_SIGN_IDENTITY = "iPhone Developer";
				COPY_PHASE_STRIP = NO;
				DEBUG_INFORMATION_FORMAT = dwarf;
				ENABLE_STRICT_OBJC_MSGSEND = YES;
				ENABLE_TESTABILITY = YES;
				GCC_C_LANGUAGE_STANDARD = gnu11;
				GCC_DYNAMIC_NO_PIC = NO;
				GCC_NO_COMMON_BLOCKS = YES;
				GCC_OPTIMIZATION_LEVEL = 0;
				GCC_PREPROCESSOR_DEFINITIONS = (
					"DEBUG=1",
					"$(inherited)",
				);
				GCC_WARN_64_TO_32_BIT_CONVERSION = YES;
				GCC_WARN_ABOUT_RETURN_TYPE = YES_ERROR;
				GCC_WARN_UNDECLARED_SELECTOR = YES;
				GCC_WARN_UNINITIALIZED_AUTOS = YES_AGGRESSIVE;
				GCC_WARN_UNUSED_FUNCTION = YES;
				GCC_WARN_UNUSED_VARIABLE = YES;
				IPHONEOS_DEPLOYMENT_TARGET = 11.4;
				MTL_ENABLE_DEBUG_INFO = YES;
				ONLY_ACTIVE_ARCH = YES;
				SDKROOT = iphoneos;
				SWIFT_ACTIVE_COMPILATION_CONDITIONS = DEBUG;
				SWIFT_OPTIMIZATION_LEVEL = "-Onone";
			};
			name = Debug;
		};
		52DFC9DF20F78E230003B671 /* Release */ = {
			isa = XCBuildConfiguration;
			buildSettings = {
				ALWAYS_SEARCH_USER_PATHS = NO;
				CLANG_ANALYZER_NONNULL = YES;
				CLANG_ANALYZER_NUMBER_OBJECT_CONVERSION = YES_AGGRESSIVE;
				CLANG_CXX_LANGUAGE_STANDARD = "gnu++14";
				CLANG_CXX_LIBRARY = "libc++";
				CLANG_ENABLE_MODULES = YES;
				CLANG_ENABLE_OBJC_ARC = YES;
				CLANG_ENABLE_OBJC_WEAK = YES;
				CLANG_WARN_BLOCK_CAPTURE_AUTORELEASING = YES;
				CLANG_WARN_BOOL_CONVERSION = YES;
				CLANG_WARN_COMMA = YES;
				CLANG_WARN_CONSTANT_CONVERSION = YES;
				CLANG_WARN_DEPRECATED_OBJC_IMPLEMENTATIONS = YES;
				CLANG_WARN_DIRECT_OBJC_ISA_USAGE = YES_ERROR;
				CLANG_WARN_DOCUMENTATION_COMMENTS = YES;
				CLANG_WARN_EMPTY_BODY = YES;
				CLANG_WARN_ENUM_CONVERSION = YES;
				CLANG_WARN_INFINITE_RECURSION = YES;
				CLANG_WARN_INT_CONVERSION = YES;
				CLANG_WARN_NON_LITERAL_NULL_CONVERSION = YES;
				CLANG_WARN_OBJC_IMPLICIT_RETAIN_SELF = YES;
				CLANG_WARN_OBJC_LITERAL_CONVERSION = YES;
				CLANG_WARN_OBJC_ROOT_CLASS = YES_ERROR;
				CLANG_WARN_RANGE_LOOP_ANALYSIS = YES;
				CLANG_WARN_STRICT_PROTOTYPES = YES;
				CLANG_WARN_SUSPICIOUS_MOVE = YES;
				CLANG_WARN_UNGUARDED_AVAILABILITY = YES_AGGRESSIVE;
				CLANG_WARN_UNREACHABLE_CODE = YES;
				CLANG_WARN__DUPLICATE_METHOD_MATCH = YES;
				CODE_SIGN_IDENTITY = "iPhone Developer";
				COPY_PHASE_STRIP = NO;
				DEBUG_INFORMATION_FORMAT = "dwarf-with-dsym";
				ENABLE_NS_ASSERTIONS = NO;
				ENABLE_STRICT_OBJC_MSGSEND = YES;
				GCC_C_LANGUAGE_STANDARD = gnu11;
				GCC_NO_COMMON_BLOCKS = YES;
				GCC_WARN_64_TO_32_BIT_CONVERSION = YES;
				GCC_WARN_ABOUT_RETURN_TYPE = YES_ERROR;
				GCC_WARN_UNDECLARED_SELECTOR = YES;
				GCC_WARN_UNINITIALIZED_AUTOS = YES_AGGRESSIVE;
				GCC_WARN_UNUSED_FUNCTION = YES;
				GCC_WARN_UNUSED_VARIABLE = YES;
				IPHONEOS_DEPLOYMENT_TARGET = 11.4;
				MTL_ENABLE_DEBUG_INFO = NO;
				SDKROOT = iphoneos;
				SWIFT_COMPILATION_MODE = wholemodule;
				SWIFT_OPTIMIZATION_LEVEL = "-O";
				VALIDATE_PRODUCT = YES;
			};
			name = Release;
		};
		52DFC9E120F78E230003B671 /* Debug */ = {
			isa = XCBuildConfiguration;
			buildSettings = {
				ASSETCATALOG_COMPILER_APPICON_NAME = AppIcon;
				CODE_SIGN_STYLE = Automatic;
				DEVELOPMENT_TEAM = P99EM85EA2;
				INFOPLIST_FILE = "$(SRCROOT)/InstaApp/SupportingFiles/Info.plist";
				IPHONEOS_DEPLOYMENT_TARGET = 10.0;
				LD_RUNPATH_SEARCH_PATHS = (
					"$(inherited)",
					"@executable_path/Frameworks",
				);
				PRODUCT_BUNDLE_IDENTIFIER = com.dimasno1.InstaApp;
				PRODUCT_NAME = "$(TARGET_NAME)";
				SWIFT_VERSION = 4.0;
				TARGETED_DEVICE_FAMILY = "1,2";
			};
			name = Debug;
		};
		52DFC9E220F78E230003B671 /* Release */ = {
			isa = XCBuildConfiguration;
			buildSettings = {
				ASSETCATALOG_COMPILER_APPICON_NAME = AppIcon;
				CODE_SIGN_STYLE = Automatic;
				DEVELOPMENT_TEAM = P99EM85EA2;
				INFOPLIST_FILE = "$(SRCROOT)/InstaApp/SupportingFiles/Info.plist";
				IPHONEOS_DEPLOYMENT_TARGET = 10.0;
				LD_RUNPATH_SEARCH_PATHS = (
					"$(inherited)",
					"@executable_path/Frameworks",
				);
				PRODUCT_BUNDLE_IDENTIFIER = com.dimasno1.InstaApp;
				PRODUCT_NAME = "$(TARGET_NAME)";
				SWIFT_VERSION = 4.0;
				TARGETED_DEVICE_FAMILY = "1,2";
			};
			name = Release;
		};
/* End XCBuildConfiguration section */

/* Begin XCConfigurationList section */
		52DFC9C920F78E210003B671 /* Build configuration list for PBXProject "InstaApp" */ = {
			isa = XCConfigurationList;
			buildConfigurations = (
				52DFC9DE20F78E230003B671 /* Debug */,
				52DFC9DF20F78E230003B671 /* Release */,
			);
			defaultConfigurationIsVisible = 0;
			defaultConfigurationName = Release;
		};
		52DFC9E020F78E230003B671 /* Build configuration list for PBXNativeTarget "InstaApp" */ = {
			isa = XCConfigurationList;
			buildConfigurations = (
				52DFC9E120F78E230003B671 /* Debug */,
				52DFC9E220F78E230003B671 /* Release */,
			);
			defaultConfigurationIsVisible = 0;
			defaultConfigurationName = Release;
		};
/* End XCConfigurationList section */
	};
	rootObject = 52DFC9C620F78E210003B671 /* Project object */;
}
